
Microsoft Visual Studio Solution File, Format Version 12.00
# Visual Studio 2013
VisualStudioVersion = 12.0.31101.0
MinimumVisualStudioVersion = 10.0.40219.1
Project("{FAE04EC0-301F-11D3-BF4B-00C04F79EFBC}") = "RentalHubService", "RentalHubService\RentalHubService.csproj", "{34685E17-19E0-4F93-A5DB-00953CA32C34}"
EndProject
Global
	GlobalSection(SolutionConfigurationPlatforms) = preSolution
		Debug|Any CPU = Debug|Any CPU
		Release|Any CPU = Release|Any CPU
	EndGlobalSection
	GlobalSection(ProjectConfigurationPlatforms) = postSolution
		{34685E17-19E0-4F93-A5DB-00953CA32C34}.Debug|Any CPU.ActiveCfg = Debug|Any CPU
		{34685E17-19E0-4F93-A5DB-00953CA32C34}.Debug|Any CPU.Build.0 = Debug|Any CPU
		{34685E17-19E0-4F93-A5DB-00953CA32C34}.Release|Any CPU.ActiveCfg = Release|Any CPU
		{34685E17-19E0-4F93-A5DB-00953CA32C34}.Release|Any CPU.Build.0 = Release|Any CPU
	EndGlobalSection
	GlobalSection(SolutionProperties) = preSolution
		HideSolutionNode = FALSE
	EndGlobalSection
EndGlobal
